
Microsoft Visual Studio Solution File, Format Version 12.00
# Visual Studio Version 17
VisualStudioVersion = 17.8.34525.116
MinimumVisualStudioVersion = 10.0.40219.1
Project("{FAE04EC0-301F-11D3-BF4B-00C04F79EFBC}") = "DataMatrix", "DataMatrix.csproj", "{8E63171A-F570-4275-94D7-68B1C5C88BBE}"
EndProject
Global
	GlobalSection(SolutionConfigurationPlatforms) = preSolution
		Debug|Any CPU = Debug|Any CPU
		Release|Any CPU = Release|Any CPU
	EndGlobalSection
	GlobalSection(ProjectConfigurationPlatforms) = postSolution
		{8E63171A-F570-4275-94D7-68B1C5C88BBE}.Debug|Any CPU.ActiveCfg = Debug|Any CPU
		{8E63171A-F570-4275-94D7-68B1C5C88BBE}.Debug|Any CPU.Build.0 = Debug|Any CPU
		{8E63171A-F570-4275-94D7-68B1C5C88BBE}.Release|Any CPU.ActiveCfg = Release|Any CPU
		{8E63171A-F570-4275-94D7-68B1C5C88BBE}.Release|Any CPU.Build.0 = Release|Any CPU
	EndGlobalSection
	GlobalSection(SolutionProperties) = preSolution
		HideSolutionNode = FALSE
	EndGlobalSection
	GlobalSection(ExtensibilityGlobals) = postSolution
		SolutionGuid = {F7074BB3-4B2D-4A5A-B8AD-C7AB5D16EAB6}
	EndGlobalSection
EndGlobal
